
Microsoft Visual Studio Solution File, Format Version 12.00
# Visual Studio Version 17
VisualStudioVersion = 17.11.35303.130
MinimumVisualStudioVersion = 10.0.40219.1
Project("{FAE04EC0-301F-11D3-BF4B-00C04F79EFBC}") = "Uppgift 5 Programmeringens grund", "Uppgift 5 Programmeringens grund\Uppgift 5 Programmeringens grund.csproj", "{19F18487-881E-45FF-B0F7-0C8B52E7B1F3}"
EndProject
Global
	GlobalSection(SolutionConfigurationPlatforms) = preSolution
		Debug|Any CPU = Debug|Any CPU
		Release|Any CPU = Release|Any CPU
	EndGlobalSection
	GlobalSection(ProjectConfigurationPlatforms) = postSolution
		{19F18487-881E-45FF-B0F7-0C8B52E7B1F3}.Debug|Any CPU.ActiveCfg = Debug|Any CPU
		{19F18487-881E-45FF-B0F7-0C8B52E7B1F3}.Debug|Any CPU.Build.0 = Debug|Any CPU
		{19F18487-881E-45FF-B0F7-0C8B52E7B1F3}.Release|Any CPU.ActiveCfg = Release|Any CPU
		{19F18487-881E-45FF-B0F7-0C8B52E7B1F3}.Release|Any CPU.Build.0 = Release|Any CPU
	EndGlobalSection
	GlobalSection(SolutionProperties) = preSolution
		HideSolutionNode = FALSE
	EndGlobalSection
	GlobalSection(ExtensibilityGlobals) = postSolution
		SolutionGuid = {061ECD60-CD12-424D-BE80-71F7C2DC3A06}
	EndGlobalSection
EndGlobal
